// !$*UTF8*$!
{
	archiveVersion = 1;
	classes = {
	};
	objectVersion = 48;
	objects = {

/* Begin PBXBuildFile section */
		691EBE1D1FC66D95005FDCAF /* XProxy.h in Headers */ = {isa = PBXBuildFile; fileRef = 691EBE1B1FC66D95005FDCAF /* XProxy.h */; settings = {ATTRIBUTES = (Public, ); }; };
		69348EE91FF94B48007C841C /* HTTPProxyServer.swift in Sources */ = {isa = PBXBuildFile; fileRef = 69348EE81FF94B48007C841C /* HTTPProxyServer.swift */; };
		69348EEA1FF94B49007C841C /* HTTPProxyServer.swift in Sources */ = {isa = PBXBuildFile; fileRef = 69348EE81FF94B48007C841C /* HTTPProxyServer.swift */; };
		69348EEC1FF95207007C841C /* HConnection.swift in Sources */ = {isa = PBXBuildFile; fileRef = 69348EEB1FF95207007C841C /* HConnection.swift */; };
		69348EED1FF95207007C841C /* HConnection.swift in Sources */ = {isa = PBXBuildFile; fileRef = 69348EEB1FF95207007C841C /* HConnection.swift */; };
		693A35661FC679B5007FDE26 /* XProxy.swift in Sources */ = {isa = PBXBuildFile; fileRef = 693A35651FC679B5007FDE26 /* XProxy.swift */; };
		693A35681FC67AC2007FDE26 /* SocketManager.swift in Sources */ = {isa = PBXBuildFile; fileRef = 693A35671FC67AC2007FDE26 /* SocketManager.swift */; };
		693A356F1FC68089007FDE26 /* HTTPConnection.swift in Sources */ = {isa = PBXBuildFile; fileRef = 693A356E1FC68089007FDE26 /* HTTPConnection.swift */; };
		693A35711FC680B8007FDE26 /* AVLTree.swift in Sources */ = {isa = PBXBuildFile; fileRef = 693A35701FC680B8007FDE26 /* AVLTree.swift */; };
		693A35751FC68300007FDE26 /* Connection.swift in Sources */ = {isa = PBXBuildFile; fileRef = 693A35741FC68300007FDE26 /* Connection.swift */; };
		693A357F1FC6968B007FDE26 /* ext.swift in Sources */ = {isa = PBXBuildFile; fileRef = 693A357E1FC6968B007FDE26 /* ext.swift */; };
		693A35831FC697CC007FDE26 /* SFRequestInfo.swift in Sources */ = {isa = PBXBuildFile; fileRef = 693A35821FC697CC007FDE26 /* SFRequestInfo.swift */; };
		693A35C01FC6AE93007FDE26 /* SFOpt.swift in Sources */ = {isa = PBXBuildFile; fileRef = 693A35BF1FC6AE93007FDE26 /* SFOpt.swift */; };
		693A35E31FC6C5CC007FDE26 /* AppDelegate.swift in Sources */ = {isa = PBXBuildFile; fileRef = 693A35E21FC6C5CC007FDE26 /* AppDelegate.swift */; };
		693A35E51FC6C5CC007FDE26 /* ViewController.swift in Sources */ = {isa = PBXBuildFile; fileRef = 693A35E41FC6C5CC007FDE26 /* ViewController.swift */; };
		693A35E71FC6C5CC007FDE26 /* Assets.xcassets in Resources */ = {isa = PBXBuildFile; fileRef = 693A35E61FC6C5CC007FDE26 /* Assets.xcassets */; };
		693A35EA1FC6C5CC007FDE26 /* Main.storyboard in Resources */ = {isa = PBXBuildFile; fileRef = 693A35E81FC6C5CC007FDE26 /* Main.storyboard */; };
		693A36041FC6C685007FDE26 /* XProxy.framework in Frameworks */ = {isa = PBXBuildFile; fileRef = 691EBE181FC66D95005FDCAF /* XProxy.framework */; };
		693A36051FC6C685007FDE26 /* XProxy.framework in Embed Frameworks */ = {isa = PBXBuildFile; fileRef = 691EBE181FC66D95005FDCAF /* XProxy.framework */; settings = {ATTRIBUTES = (CodeSignOnCopy, RemoveHeadersOnCopy, ); }; };
		69521182201430000038E62B /* XTLSAdapter.swift in Sources */ = {isa = PBXBuildFile; fileRef = 69521181201430000038E62B /* XTLSAdapter.swift */; };
		69593FDA1FFBA06800CB8ADF /* AppDelegate.swift in Sources */ = {isa = PBXBuildFile; fileRef = 69593FD91FFBA06800CB8ADF /* AppDelegate.swift */; };
		69593FDC1FFBA06800CB8ADF /* ViewController.swift in Sources */ = {isa = PBXBuildFile; fileRef = 69593FDB1FFBA06800CB8ADF /* ViewController.swift */; };
		69593FDF1FFBA06900CB8ADF /* Main.storyboard in Resources */ = {isa = PBXBuildFile; fileRef = 69593FDD1FFBA06900CB8ADF /* Main.storyboard */; };
		69593FE11FFBA06900CB8ADF /* Assets.xcassets in Resources */ = {isa = PBXBuildFile; fileRef = 69593FE01FFBA06900CB8ADF /* Assets.xcassets */; };
		69593FE41FFBA06900CB8ADF /* LaunchScreen.storyboard in Resources */ = {isa = PBXBuildFile; fileRef = 69593FE21FFBA06900CB8ADF /* LaunchScreen.storyboard */; };
		69593FEC1FFBA62500CB8ADF /* XProxy.framework in Frameworks */ = {isa = PBXBuildFile; fileRef = 69C7DC431FE25CD400FB7FA2 /* XProxy.framework */; };
		69593FED1FFBA62500CB8ADF /* XProxy.framework in Embed Frameworks */ = {isa = PBXBuildFile; fileRef = 69C7DC431FE25CD400FB7FA2 /* XProxy.framework */; settings = {ATTRIBUTES = (CodeSignOnCopy, RemoveHeadersOnCopy, ); }; };
		697FB3131FCBB60100653CA8 /* SFIPAddr.swift in Sources */ = {isa = PBXBuildFile; fileRef = 697FB3111FCBB60100653CA8 /* SFIPAddr.swift */; };
		697FB3141FCBB60100653CA8 /* SFIPConnectionInfo.swift in Sources */ = {isa = PBXBuildFile; fileRef = 697FB3121FCBB60100653CA8 /* SFIPConnectionInfo.swift */; };
		69987DAD1FD932A700B41FD6 /* XArray.swift in Sources */ = {isa = PBXBuildFile; fileRef = 69987DAC1FD932A700B41FD6 /* XArray.swift */; };
		69C1772F200E2914004BDB3A /* env.swift in Sources */ = {isa = PBXBuildFile; fileRef = 69C1772E200E2914004BDB3A /* env.swift */; };
		69C17730200E2914004BDB3A /* env.swift in Sources */ = {isa = PBXBuildFile; fileRef = 69C1772E200E2914004BDB3A /* env.swift */; };
		69C7DC471FE25CD400FB7FA2 /* XProxy.h in Headers */ = {isa = PBXBuildFile; fileRef = 69C7DC451FE25CD400FB7FA2 /* XProxy.h */; settings = {ATTRIBUTES = (Public, ); }; };
		69C7DC4D1FE26FA100FB7FA2 /* Connection.swift in Sources */ = {isa = PBXBuildFile; fileRef = 693A35741FC68300007FDE26 /* Connection.swift */; };
		69C7DC4E1FE26FA400FB7FA2 /* ext.swift in Sources */ = {isa = PBXBuildFile; fileRef = 693A357E1FC6968B007FDE26 /* ext.swift */; };
		69C7DC4F1FE26FA700FB7FA2 /* SFIPAddr.swift in Sources */ = {isa = PBXBuildFile; fileRef = 697FB3111FCBB60100653CA8 /* SFIPAddr.swift */; };
		69C7DC501FE26FAA00FB7FA2 /* SFIPConnectionInfo.swift in Sources */ = {isa = PBXBuildFile; fileRef = 697FB3121FCBB60100653CA8 /* SFIPConnectionInfo.swift */; };
		69C7DC511FE26FAD00FB7FA2 /* SFRequestInfo.swift in Sources */ = {isa = PBXBuildFile; fileRef = 693A35821FC697CC007FDE26 /* SFRequestInfo.swift */; };
		69C7DC521FE26FB000FB7FA2 /* XProxy.swift in Sources */ = {isa = PBXBuildFile; fileRef = 693A35651FC679B5007FDE26 /* XProxy.swift */; };
		69C7DC531FE26FB300FB7FA2 /* SFOpt.swift in Sources */ = {isa = PBXBuildFile; fileRef = 693A35BF1FC6AE93007FDE26 /* SFOpt.swift */; };
		69C7DC541FE26FB800FB7FA2 /* AVLTree.swift in Sources */ = {isa = PBXBuildFile; fileRef = 693A35701FC680B8007FDE26 /* AVLTree.swift */; };
		69C7DC551FE26FBB00FB7FA2 /* XArray.swift in Sources */ = {isa = PBXBuildFile; fileRef = 69987DAC1FD932A700B41FD6 /* XArray.swift */; };
		69C7DC561FE26FBE00FB7FA2 /* HTTPConnection.swift in Sources */ = {isa = PBXBuildFile; fileRef = 693A356E1FC68089007FDE26 /* HTTPConnection.swift */; };
		69C7DC571FE26FC100FB7FA2 /* SocketManager.swift in Sources */ = {isa = PBXBuildFile; fileRef = 693A35671FC67AC2007FDE26 /* SocketManager.swift */; };
/* End PBXBuildFile section */

/* Begin PBXContainerItemProxy section */
		693A36061FC6C685007FDE26 /* PBXContainerItemProxy */ = {
			isa = PBXContainerItemProxy;
			containerPortal = 691EBE0F1FC66D95005FDCAF /* Project object */;
			proxyType = 1;
			remoteGlobalIDString = 691EBE171FC66D95005FDCAF;
			remoteInfo = XProxy;
		};
		69593FEA1FFBA5F600CB8ADF /* PBXContainerItemProxy */ = {
			isa = PBXContainerItemProxy;
			containerPortal = 691EBE0F1FC66D95005FDCAF /* Project object */;
			proxyType = 1;
			remoteGlobalIDString = 69C7DC421FE25CD400FB7FA2;
			remoteInfo = XProxyiOS;
		};
/* End PBXContainerItemProxy section */

/* Begin PBXCopyFilesBuildPhase section */
		693A35F31FC6C658007FDE26 /* Embed Frameworks */ = {
			isa = PBXCopyFilesBuildPhase;
			buildActionMask = 2147483647;
			dstPath = "";
			dstSubfolderSpec = 10;
			files = (
				693A36051FC6C685007FDE26 /* XProxy.framework in Embed Frameworks */,
			);
			name = "Embed Frameworks";
			runOnlyForDeploymentPostprocessing = 0;
		};
		69593FEE1FFBA62500CB8ADF /* Embed Frameworks */ = {
			isa = PBXCopyFilesBuildPhase;
			buildActionMask = 2147483647;
			dstPath = "";
			dstSubfolderSpec = 10;
			files = (
				69593FED1FFBA62500CB8ADF /* XProxy.framework in Embed Frameworks */,
			);
			name = "Embed Frameworks";
			runOnlyForDeploymentPostprocessing = 0;
		};
/* End PBXCopyFilesBuildPhase section */

/* Begin PBXFileReference section */
		691EBE181FC66D95005FDCAF /* XProxy.framework */ = {isa = PBXFileReference; explicitFileType = wrapper.framework; includeInIndex = 0; path = XProxy.framework; sourceTree = BUILT_PRODUCTS_DIR; };
		691EBE1B1FC66D95005FDCAF /* XProxy.h */ = {isa = PBXFileReference; lastKnownFileType = sourcecode.c.h; path = XProxy.h; sourceTree = "<group>"; };
		691EBE1C1FC66D95005FDCAF /* Info.plist */ = {isa = PBXFileReference; lastKnownFileType = text.plist.xml; path = Info.plist; sourceTree = "<group>"; };
		69348EE81FF94B48007C841C /* HTTPProxyServer.swift */ = {isa = PBXFileReference; lastKnownFileType = sourcecode.swift; path = HTTPProxyServer.swift; sourceTree = "<group>"; };
		69348EEB1FF95207007C841C /* HConnection.swift */ = {isa = PBXFileReference; lastKnownFileType = sourcecode.swift; path = HConnection.swift; sourceTree = "<group>"; };
		693A35651FC679B5007FDE26 /* XProxy.swift */ = {isa = PBXFileReference; lastKnownFileType = sourcecode.swift; path = XProxy.swift; sourceTree = "<group>"; };
		693A35671FC67AC2007FDE26 /* SocketManager.swift */ = {isa = PBXFileReference; lastKnownFileType = sourcecode.swift; path = SocketManager.swift; sourceTree = "<group>"; };
		693A356E1FC68089007FDE26 /* HTTPConnection.swift */ = {isa = PBXFileReference; fileEncoding = 4; lastKnownFileType = sourcecode.swift; path = HTTPConnection.swift; sourceTree = "<group>"; };
		693A35701FC680B8007FDE26 /* AVLTree.swift */ = {isa = PBXFileReference; fileEncoding = 4; lastKnownFileType = sourcecode.swift; path = AVLTree.swift; sourceTree = "<group>"; };
		693A35741FC68300007FDE26 /* Connection.swift */ = {isa = PBXFileReference; fileEncoding = 4; lastKnownFileType = sourcecode.swift; path = Connection.swift; sourceTree = "<group>"; };
		693A357E1FC6968B007FDE26 /* ext.swift */ = {isa = PBXFileReference; lastKnownFileType = sourcecode.swift; path = ext.swift; sourceTree = "<group>"; };
		693A35821FC697CC007FDE26 /* SFRequestInfo.swift */ = {isa = PBXFileReference; fileEncoding = 4; lastKnownFileType = sourcecode.swift; path = SFRequestInfo.swift; sourceTree = "<group>"; };
		693A35BF1FC6AE93007FDE26 /* SFOpt.swift */ = {isa = PBXFileReference; fileEncoding = 4; lastKnownFileType = sourcecode.swift; path = SFOpt.swift; sourceTree = "<group>"; };
		693A35E01FC6C5CC007FDE26 /* XProxyTest.app */ = {isa = PBXFileReference; explicitFileType = wrapper.application; includeInIndex = 0; path = XProxyTest.app; sourceTree = BUILT_PRODUCTS_DIR; };
		693A35E21FC6C5CC007FDE26 /* AppDelegate.swift */ = {isa = PBXFileReference; lastKnownFileType = sourcecode.swift; path = AppDelegate.swift; sourceTree = "<group>"; };
		693A35E41FC6C5CC007FDE26 /* ViewController.swift */ = {isa = PBXFileReference; lastKnownFileType = sourcecode.swift; path = ViewController.swift; sourceTree = "<group>"; };
		693A35E61FC6C5CC007FDE26 /* Assets.xcassets */ = {isa = PBXFileReference; lastKnownFileType = folder.assetcatalog; path = Assets.xcassets; sourceTree = "<group>"; };
		693A35E91FC6C5CC007FDE26 /* Base */ = {isa = PBXFileReference; lastKnownFileType = file.storyboard; name = Base; path = Base.lproj/Main.storyboard; sourceTree = "<group>"; };
		693A35EB1FC6C5CC007FDE26 /* Info.plist */ = {isa = PBXFileReference; lastKnownFileType = text.plist.xml; path = Info.plist; sourceTree = "<group>"; };
		693A35EC1FC6C5CC007FDE26 /* XProxyTest.entitlements */ = {isa = PBXFileReference; lastKnownFileType = text.plist.entitlements; path = XProxyTest.entitlements; sourceTree = "<group>"; };
		69521181201430000038E62B /* XTLSAdapter.swift */ = {isa = PBXFileReference; fileEncoding = 4; lastKnownFileType = sourcecode.swift; path = XTLSAdapter.swift; sourceTree = "<group>"; };
		69593FD71FFBA06800CB8ADF /* iOSTest.app */ = {isa = PBXFileReference; explicitFileType = wrapper.application; includeInIndex = 0; path = iOSTest.app; sourceTree = BUILT_PRODUCTS_DIR; };
		69593FD91FFBA06800CB8ADF /* AppDelegate.swift */ = {isa = PBXFileReference; lastKnownFileType = sourcecode.swift; path = AppDelegate.swift; sourceTree = "<group>"; };
		69593FDB1FFBA06800CB8ADF /* ViewController.swift */ = {isa = PBXFileReference; lastKnownFileType = sourcecode.swift; path = ViewController.swift; sourceTree = "<group>"; };
		69593FDE1FFBA06900CB8ADF /* Base */ = {isa = PBXFileReference; lastKnownFileType = file.storyboard; name = Base; path = Base.lproj/Main.storyboard; sourceTree = "<group>"; };
		69593FE01FFBA06900CB8ADF /* Assets.xcassets */ = {isa = PBXFileReference; lastKnownFileType = folder.assetcatalog; path = Assets.xcassets; sourceTree = "<group>"; };
		69593FE31FFBA06900CB8ADF /* Base */ = {isa = PBXFileReference; lastKnownFileType = file.storyboard; name = Base; path = Base.lproj/LaunchScreen.storyboard; sourceTree = "<group>"; };
		69593FE51FFBA06900CB8ADF /* Info.plist */ = {isa = PBXFileReference; lastKnownFileType = text.plist.xml; path = Info.plist; sourceTree = "<group>"; };
		69593FE91FFBA5AA00CB8ADF /* iostest.xcconfig */ = {isa = PBXFileReference; lastKnownFileType = text.xcconfig; path = iostest.xcconfig; sourceTree = "<group>"; };
		697FB3111FCBB60100653CA8 /* SFIPAddr.swift */ = {isa = PBXFileReference; fileEncoding = 4; lastKnownFileType = sourcecode.swift; path = SFIPAddr.swift; sourceTree = "<group>"; };
		697FB3121FCBB60100653CA8 /* SFIPConnectionInfo.swift */ = {isa = PBXFileReference; fileEncoding = 4; lastKnownFileType = sourcecode.swift; path = SFIPConnectionInfo.swift; sourceTree = "<group>"; };
		69987DAC1FD932A700B41FD6 /* XArray.swift */ = {isa = PBXFileReference; lastKnownFileType = sourcecode.swift; path = XArray.swift; sourceTree = "<group>"; };
		69BE2E6E1FFCB56D0078845A /* iOSTest.entitlements */ = {isa = PBXFileReference; lastKnownFileType = text.plist.entitlements; path = iOSTest.entitlements; sourceTree = "<group>"; };
		69C1772E200E2914004BDB3A /* env.swift */ = {isa = PBXFileReference; lastKnownFileType = sourcecode.swift; path = env.swift; sourceTree = "<group>"; };
		69C7DC431FE25CD400FB7FA2 /* XProxy.framework */ = {isa = PBXFileReference; explicitFileType = wrapper.framework; includeInIndex = 0; path = XProxy.framework; sourceTree = BUILT_PRODUCTS_DIR; };
		69C7DC451FE25CD400FB7FA2 /* XProxy.h */ = {isa = PBXFileReference; lastKnownFileType = sourcecode.c.h; path = XProxy.h; sourceTree = "<group>"; };
		69C7DC461FE25CD400FB7FA2 /* Info.plist */ = {isa = PBXFileReference; lastKnownFileType = text.plist.xml; path = Info.plist; sourceTree = "<group>"; };
		69C7DC4B1FE25D0600FB7FA2 /* mac.xcconfig */ = {isa = PBXFileReference; lastKnownFileType = text.xcconfig; path = mac.xcconfig; sourceTree = "<group>"; };
		69C7DC4C1FE25D6500FB7FA2 /* iOS.xcconfig */ = {isa = PBXFileReference; lastKnownFileType = text.xcconfig; path = iOS.xcconfig; sourceTree = "<group>"; };
/* End PBXFileReference section */

/* Begin PBXFrameworksBuildPhase section */
		691EBE141FC66D95005FDCAF /* Frameworks */ = {
			isa = PBXFrameworksBuildPhase;
			buildActionMask = 2147483647;
			files = (
			);
			runOnlyForDeploymentPostprocessing = 0;
		};
		693A35DD1FC6C5CC007FDE26 /* Frameworks */ = {
			isa = PBXFrameworksBuildPhase;
			buildActionMask = 2147483647;
			files = (
				693A36041FC6C685007FDE26 /* XProxy.framework in Frameworks */,
			);
			runOnlyForDeploymentPostprocessing = 0;
		};
		69593FD41FFBA06800CB8ADF /* Frameworks */ = {
			isa = PBXFrameworksBuildPhase;
			buildActionMask = 2147483647;
			files = (
				69593FEC1FFBA62500CB8ADF /* XProxy.framework in Frameworks */,
			);
			runOnlyForDeploymentPostprocessing = 0;
		};
		69C7DC3F1FE25CD400FB7FA2 /* Frameworks */ = {
			isa = PBXFrameworksBuildPhase;
			buildActionMask = 2147483647;
			files = (
			);
			runOnlyForDeploymentPostprocessing = 0;
		};
/* End PBXFrameworksBuildPhase section */

/* Begin PBXGroup section */
		691EBE0E1FC66D95005FDCAF = {
			isa = PBXGroup;
			children = (
				69C1772D200E28FC004BDB3A /* test */,
				691EBE1A1FC66D95005FDCAF /* XProxy */,
				693A35E11FC6C5CC007FDE26 /* XProxyTest */,
				69C7DC441FE25CD400FB7FA2 /* XProxyiOS */,
				69593FD81FFBA06800CB8ADF /* iOSTest */,
				691EBE191FC66D95005FDCAF /* Products */,
				693A35D21FC6B199007FDE26 /* Frameworks */,
			);
			sourceTree = "<group>";
		};
		691EBE191FC66D95005FDCAF /* Products */ = {
			isa = PBXGroup;
			children = (
				691EBE181FC66D95005FDCAF /* XProxy.framework */,
				693A35E01FC6C5CC007FDE26 /* XProxyTest.app */,
				69C7DC431FE25CD400FB7FA2 /* XProxy.framework */,
				69593FD71FFBA06800CB8ADF /* iOSTest.app */,
			);
			name = Products;
			sourceTree = "<group>";
		};
		691EBE1A1FC66D95005FDCAF /* XProxy */ = {
			isa = PBXGroup;
			children = (
				691EBE1B1FC66D95005FDCAF /* XProxy.h */,
				69C7DC4B1FE25D0600FB7FA2 /* mac.xcconfig */,
				693A35741FC68300007FDE26 /* Connection.swift */,
				69521181201430000038E62B /* XTLSAdapter.swift */,
				693A357E1FC6968B007FDE26 /* ext.swift */,
				697FB3111FCBB60100653CA8 /* SFIPAddr.swift */,
				697FB3121FCBB60100653CA8 /* SFIPConnectionInfo.swift */,
				693A35821FC697CC007FDE26 /* SFRequestInfo.swift */,
				693A35651FC679B5007FDE26 /* XProxy.swift */,
				693A35BF1FC6AE93007FDE26 /* SFOpt.swift */,
				693A35701FC680B8007FDE26 /* AVLTree.swift */,
				69987DAC1FD932A700B41FD6 /* XArray.swift */,
				693A356E1FC68089007FDE26 /* HTTPConnection.swift */,
				69348EEB1FF95207007C841C /* HConnection.swift */,
				693A35671FC67AC2007FDE26 /* SocketManager.swift */,
				69348EE81FF94B48007C841C /* HTTPProxyServer.swift */,
				691EBE1C1FC66D95005FDCAF /* Info.plist */,
			);
			path = XProxy;
			sourceTree = "<group>";
		};
		693A35D21FC6B199007FDE26 /* Frameworks */ = {
			isa = PBXGroup;
			children = (
			);
			name = Frameworks;
			sourceTree = "<group>";
		};
		693A35E11FC6C5CC007FDE26 /* XProxyTest */ = {
			isa = PBXGroup;
			children = (
				693A35E21FC6C5CC007FDE26 /* AppDelegate.swift */,
				693A35E41FC6C5CC007FDE26 /* ViewController.swift */,
				693A35E61FC6C5CC007FDE26 /* Assets.xcassets */,
				693A35E81FC6C5CC007FDE26 /* Main.storyboard */,
				693A35EB1FC6C5CC007FDE26 /* Info.plist */,
				693A35EC1FC6C5CC007FDE26 /* XProxyTest.entitlements */,
			);
			path = XProxyTest;
			sourceTree = "<group>";
		};
		69593FD81FFBA06800CB8ADF /* iOSTest */ = {
			isa = PBXGroup;
			children = (
				69BE2E6E1FFCB56D0078845A /* iOSTest.entitlements */,
				69593FD91FFBA06800CB8ADF /* AppDelegate.swift */,
				69593FDB1FFBA06800CB8ADF /* ViewController.swift */,
				69593FE91FFBA5AA00CB8ADF /* iostest.xcconfig */,
				69593FDD1FFBA06900CB8ADF /* Main.storyboard */,
				69593FE01FFBA06900CB8ADF /* Assets.xcassets */,
				69593FE21FFBA06900CB8ADF /* LaunchScreen.storyboard */,
				69593FE51FFBA06900CB8ADF /* Info.plist */,
			);
			path = iOSTest;
			sourceTree = "<group>";
		};
		69C1772D200E28FC004BDB3A /* test */ = {
			isa = PBXGroup;
			children = (
				69C1772E200E2914004BDB3A /* env.swift */,
			);
			path = test;
			sourceTree = "<group>";
		};
		69C7DC441FE25CD400FB7FA2 /* XProxyiOS */ = {
			isa = PBXGroup;
			children = (
				69C7DC451FE25CD400FB7FA2 /* XProxy.h */,
				69C7DC4C1FE25D6500FB7FA2 /* iOS.xcconfig */,
				69C7DC461FE25CD400FB7FA2 /* Info.plist */,
			);
			path = XProxyiOS;
			sourceTree = "<group>";
		};
/* End PBXGroup section */

/* Begin PBXHeadersBuildPhase section */
		691EBE151FC66D95005FDCAF /* Headers */ = {
			isa = PBXHeadersBuildPhase;
			buildActionMask = 2147483647;
			files = (
				691EBE1D1FC66D95005FDCAF /* XProxy.h in Headers */,
			);
			runOnlyForDeploymentPostprocessing = 0;
		};
		69C7DC401FE25CD400FB7FA2 /* Headers */ = {
			isa = PBXHeadersBuildPhase;
			buildActionMask = 2147483647;
			files = (
				69C7DC471FE25CD400FB7FA2 /* XProxy.h in Headers */,
			);
			runOnlyForDeploymentPostprocessing = 0;
		};
/* End PBXHeadersBuildPhase section */

/* Begin PBXNativeTarget section */
		691EBE171FC66D95005FDCAF /* XProxy */ = {
			isa = PBXNativeTarget;
			buildConfigurationList = 691EBE201FC66D95005FDCAF /* Build configuration list for PBXNativeTarget "XProxy" */;
			buildPhases = (
				691EBE131FC66D95005FDCAF /* Sources */,
				691EBE141FC66D95005FDCAF /* Frameworks */,
				691EBE151FC66D95005FDCAF /* Headers */,
				691EBE161FC66D95005FDCAF /* Resources */,
			);
			buildRules = (
			);
			dependencies = (
			);
			name = XProxy;
			productName = XProxy;
			productReference = 691EBE181FC66D95005FDCAF /* XProxy.framework */;
			productType = "com.apple.product-type.framework";
		};
		693A35DF1FC6C5CC007FDE26 /* XProxyTest */ = {
			isa = PBXNativeTarget;
			buildConfigurationList = 693A35ED1FC6C5CC007FDE26 /* Build configuration list for PBXNativeTarget "XProxyTest" */;
			buildPhases = (
				693A35DC1FC6C5CC007FDE26 /* Sources */,
				693A35DD1FC6C5CC007FDE26 /* Frameworks */,
				693A35DE1FC6C5CC007FDE26 /* Resources */,
				693A35F31FC6C658007FDE26 /* Embed Frameworks */,
				69C7DC581FE2719F00FB7FA2 /* ShellScript */,
			);
			buildRules = (
			);
			dependencies = (
				693A36071FC6C685007FDE26 /* PBXTargetDependency */,
			);
			name = XProxyTest;
			productName = XProxyTest;
			productReference = 693A35E01FC6C5CC007FDE26 /* XProxyTest.app */;
			productType = "com.apple.product-type.application";
		};
		69593FD61FFBA06800CB8ADF /* iOSTest */ = {
			isa = PBXNativeTarget;
			buildConfigurationList = 69593FE81FFBA06900CB8ADF /* Build configuration list for PBXNativeTarget "iOSTest" */;
			buildPhases = (
				69593FD31FFBA06800CB8ADF /* Sources */,
				69593FD41FFBA06800CB8ADF /* Frameworks */,
				69593FD51FFBA06800CB8ADF /* Resources */,
				69593FEE1FFBA62500CB8ADF /* Embed Frameworks */,
				69BE2E6D1FFCB4840078845A /* ShellScript */,
			);
			buildRules = (
			);
			dependencies = (
				69593FEB1FFBA5F600CB8ADF /* PBXTargetDependency */,
			);
			name = iOSTest;
			productName = iOSTest;
			productReference = 69593FD71FFBA06800CB8ADF /* iOSTest.app */;
			productType = "com.apple.product-type.application";
		};
		69C7DC421FE25CD400FB7FA2 /* XProxyiOS */ = {
			isa = PBXNativeTarget;
			buildConfigurationList = 69C7DC481FE25CD400FB7FA2 /* Build configuration list for PBXNativeTarget "XProxyiOS" */;
			buildPhases = (
				69C7DC3E1FE25CD400FB7FA2 /* Sources */,
				69C7DC3F1FE25CD400FB7FA2 /* Frameworks */,
				69C7DC401FE25CD400FB7FA2 /* Headers */,
				69C7DC411FE25CD400FB7FA2 /* Resources */,
			);
			buildRules = (
			);
			dependencies = (
			);
			name = XProxyiOS;
			productName = XProxyiOS;
			productReference = 69C7DC431FE25CD400FB7FA2 /* XProxy.framework */;
			productType = "com.apple.product-type.framework";
		};
/* End PBXNativeTarget section */

/* Begin PBXProject section */
		691EBE0F1FC66D95005FDCAF /* Project object */ = {
			isa = PBXProject;
			attributes = {
				LastSwiftUpdateCheck = 0920;
				LastUpgradeCheck = 0920;
				ORGANIZATIONNAME = yarshure;
				TargetAttributes = {
					691EBE171FC66D95005FDCAF = {
						CreatedOnToolsVersion = 9.1;
						LastSwiftMigration = 0910;
						ProvisioningStyle = Manual;
					};
					693A35DF1FC6C5CC007FDE26 = {
						CreatedOnToolsVersion = 9.1;
						ProvisioningStyle = Automatic;
						SystemCapabilities = {
							com.apple.Sandbox = {
								enabled = 0;
							};
						};
					};
					69593FD61FFBA06800CB8ADF = {
						CreatedOnToolsVersion = 9.2;
						ProvisioningStyle = Automatic;
						SystemCapabilities = {
							com.apple.ApplicationGroups.iOS = {
								enabled = 1;
							};
						};
					};
					69C7DC421FE25CD400FB7FA2 = {
						CreatedOnToolsVersion = 9.2;
						ProvisioningStyle = Manual;
					};
				};
			};
			buildConfigurationList = 691EBE121FC66D95005FDCAF /* Build configuration list for PBXProject "XProxy" */;
			compatibilityVersion = "Xcode 8.0";
			developmentRegion = en;
			hasScannedForEncodings = 0;
			knownRegions = (
				en,
				Base,
			);
			mainGroup = 691EBE0E1FC66D95005FDCAF;
			productRefGroup = 691EBE191FC66D95005FDCAF /* Products */;
			projectDirPath = "";
			projectRoot = "";
			targets = (
				691EBE171FC66D95005FDCAF /* XProxy */,
				693A35DF1FC6C5CC007FDE26 /* XProxyTest */,
				69C7DC421FE25CD400FB7FA2 /* XProxyiOS */,
				69593FD61FFBA06800CB8ADF /* iOSTest */,
			);
		};
/* End PBXProject section */

/* Begin PBXResourcesBuildPhase section */
		691EBE161FC66D95005FDCAF /* Resources */ = {
			isa = PBXResourcesBuildPhase;
			buildActionMask = 2147483647;
			files = (
			);
			runOnlyForDeploymentPostprocessing = 0;
		};
		693A35DE1FC6C5CC007FDE26 /* Resources */ = {
			isa = PBXResourcesBuildPhase;
			buildActionMask = 2147483647;
			files = (
				693A35E71FC6C5CC007FDE26 /* Assets.xcassets in Resources */,
				693A35EA1FC6C5CC007FDE26 /* Main.storyboard in Resources */,
			);
			runOnlyForDeploymentPostprocessing = 0;
		};
		69593FD51FFBA06800CB8ADF /* Resources */ = {
			isa = PBXResourcesBuildPhase;
			buildActionMask = 2147483647;
			files = (
				69593FE41FFBA06900CB8ADF /* LaunchScreen.storyboard in Resources */,
				69593FE11FFBA06900CB8ADF /* Assets.xcassets in Resources */,
				69593FDF1FFBA06900CB8ADF /* Main.storyboard in Resources */,
			);
			runOnlyForDeploymentPostprocessing = 0;
		};
		69C7DC411FE25CD400FB7FA2 /* Resources */ = {
			isa = PBXResourcesBuildPhase;
			buildActionMask = 2147483647;
			files = (
			);
			runOnlyForDeploymentPostprocessing = 0;
		};
/* End PBXResourcesBuildPhase section */

/* Begin PBXShellScriptBuildPhase section */
		69BE2E6D1FFCB4840078845A /* ShellScript */ = {
			isa = PBXShellScriptBuildPhase;
			buildActionMask = 2147483647;
			files = (
			);
			inputPaths = (
			);
			outputPaths = (
			);
			runOnlyForDeploymentPostprocessing = 0;
			shellPath = /bin/sh;
			shellScript = "export CODESIGN_ALLOCATE=/Applications/Xcode.app/Contents/Developer/Toolchains/XcodeDefault.xctoolchain/usr/bin/codesign_allocate\nfpath=\"${SRCROOT}/Carthage/Build/iOS\"\ncd \"$fpath\"\n\ntar -c *.framework |tar -xvC \"${TARGET_BUILD_DIR}/${FRAMEWORKS_FOLDER_PATH}\"\n\nfind . -name '*.framework' -type d | while read -r FRAMEWORK\ndo\necho \"codesign $FRAMEWORK\"\n/usr/bin/codesign --sign  $EXPANDED_CODE_SIGN_IDENTITY --force --preserve-metadata=identifier,entitlements,flags --timestamp=none \"${TARGET_BUILD_DIR}/${FRAMEWORKS_FOLDER_PATH}/$FRAMEWORK\"\ndone\n";
		};
		69C7DC581FE2719F00FB7FA2 /* ShellScript */ = {
			isa = PBXShellScriptBuildPhase;
			buildActionMask = 2147483647;
			files = (
			);
			inputPaths = (
			);
			outputPaths = (
			);
			runOnlyForDeploymentPostprocessing = 0;
			shellPath = /bin/sh;
			shellScript = "export CODESIGN_ALLOCATE=/Applications/Xcode.app/Contents/Developer/Toolchains/XcodeDefault.xctoolchain/usr/bin/codesign_allocate\nfpath=\"${SRCROOT}/Carthage/Build/Mac\"\ncd \"$fpath\"\n\ntar -c *.framework |tar -xvC \"${TARGET_BUILD_DIR}/${FRAMEWORKS_FOLDER_PATH}\"\n\nfind . -name '*.framework' -type d | while read -r FRAMEWORK\ndo\necho \"codesign $FRAMEWORK\"\n   /usr/bin/codesign --sign  $EXPANDED_CODE_SIGN_IDENTITY --force --preserve-metadata=identifier,entitlements,flags --timestamp=none \"${TARGET_BUILD_DIR}/${FRAMEWORKS_FOLDER_PATH}/$FRAMEWORK/Versions/A\"\ndone\n\n";
		};
/* End PBXShellScriptBuildPhase section */

/* Begin PBXSourcesBuildPhase section */
		691EBE131FC66D95005FDCAF /* Sources */ = {
			isa = PBXSourcesBuildPhase;
			buildActionMask = 2147483647;
			files = (
				693A35751FC68300007FDE26 /* Connection.swift in Sources */,
				69348EE91FF94B48007C841C /* HTTPProxyServer.swift in Sources */,
				693A356F1FC68089007FDE26 /* HTTPConnection.swift in Sources */,
				693A35681FC67AC2007FDE26 /* SocketManager.swift in Sources */,
				697FB3141FCBB60100653CA8 /* SFIPConnectionInfo.swift in Sources */,
				693A357F1FC6968B007FDE26 /* ext.swift in Sources */,
				693A35661FC679B5007FDE26 /* XProxy.swift in Sources */,
				693A35831FC697CC007FDE26 /* SFRequestInfo.swift in Sources */,
				693A35711FC680B8007FDE26 /* AVLTree.swift in Sources */,
				69348EEC1FF95207007C841C /* HConnection.swift in Sources */,
				69521182201430000038E62B /* XTLSAdapter.swift in Sources */,
				693A35C01FC6AE93007FDE26 /* SFOpt.swift in Sources */,
				697FB3131FCBB60100653CA8 /* SFIPAddr.swift in Sources */,
				69987DAD1FD932A700B41FD6 /* XArray.swift in Sources */,
			);
			runOnlyForDeploymentPostprocessing = 0;
		};
		693A35DC1FC6C5CC007FDE26 /* Sources */ = {
			isa = PBXSourcesBuildPhase;
			buildActionMask = 2147483647;
			files = (
				693A35E51FC6C5CC007FDE26 /* ViewController.swift in Sources */,
				693A35E31FC6C5CC007FDE26 /* AppDelegate.swift in Sources */,
				69C1772F200E2914004BDB3A /* env.swift in Sources */,
			);
			runOnlyForDeploymentPostprocessing = 0;
		};
		69593FD31FFBA06800CB8ADF /* Sources */ = {
			isa = PBXSourcesBuildPhase;
			buildActionMask = 2147483647;
			files = (
				69593FDC1FFBA06800CB8ADF /* ViewController.swift in Sources */,
				69593FDA1FFBA06800CB8ADF /* AppDelegate.swift in Sources */,
				69C17730200E2914004BDB3A /* env.swift in Sources */,
			);
			runOnlyForDeploymentPostprocessing = 0;
		};
		69C7DC3E1FE25CD400FB7FA2 /* Sources */ = {
			isa = PBXSourcesBuildPhase;
			buildActionMask = 2147483647;
			files = (
				69C7DC4D1FE26FA100FB7FA2 /* Connection.swift in Sources */,
				69348EEA1FF94B49007C841C /* HTTPProxyServer.swift in Sources */,
				69C7DC521FE26FB000FB7FA2 /* XProxy.swift in Sources */,
				69C7DC501FE26FAA00FB7FA2 /* SFIPConnectionInfo.swift in Sources */,
				69C7DC541FE26FB800FB7FA2 /* AVLTree.swift in Sources */,
				69C7DC571FE26FC100FB7FA2 /* SocketManager.swift in Sources */,
				69C7DC4E1FE26FA400FB7FA2 /* ext.swift in Sources */,
				69C7DC4F1FE26FA700FB7FA2 /* SFIPAddr.swift in Sources */,
				69C7DC511FE26FAD00FB7FA2 /* SFRequestInfo.swift in Sources */,
				69348EED1FF95207007C841C /* HConnection.swift in Sources */,
				69C7DC551FE26FBB00FB7FA2 /* XArray.swift in Sources */,
				69C7DC531FE26FB300FB7FA2 /* SFOpt.swift in Sources */,
				69C7DC561FE26FBE00FB7FA2 /* HTTPConnection.swift in Sources */,
			);
			runOnlyForDeploymentPostprocessing = 0;
		};
/* End PBXSourcesBuildPhase section */

/* Begin PBXTargetDependency section */
		693A36071FC6C685007FDE26 /* PBXTargetDependency */ = {
			isa = PBXTargetDependency;
			target = 691EBE171FC66D95005FDCAF /* XProxy */;
			targetProxy = 693A36061FC6C685007FDE26 /* PBXContainerItemProxy */;
		};
		69593FEB1FFBA5F600CB8ADF /* PBXTargetDependency */ = {
			isa = PBXTargetDependency;
			target = 69C7DC421FE25CD400FB7FA2 /* XProxyiOS */;
			targetProxy = 69593FEA1FFBA5F600CB8ADF /* PBXContainerItemProxy */;
		};
/* End PBXTargetDependency section */

/* Begin PBXVariantGroup section */
		693A35E81FC6C5CC007FDE26 /* Main.storyboard */ = {
			isa = PBXVariantGroup;
			children = (
				693A35E91FC6C5CC007FDE26 /* Base */,
			);
			name = Main.storyboard;
			sourceTree = "<group>";
		};
		69593FDD1FFBA06900CB8ADF /* Main.storyboard */ = {
			isa = PBXVariantGroup;
			children = (
				69593FDE1FFBA06900CB8ADF /* Base */,
			);
			name = Main.storyboard;
			sourceTree = "<group>";
		};
		69593FE21FFBA06900CB8ADF /* LaunchScreen.storyboard */ = {
			isa = PBXVariantGroup;
			children = (
				69593FE31FFBA06900CB8ADF /* Base */,
			);
			name = LaunchScreen.storyboard;
			sourceTree = "<group>";
		};
/* End PBXVariantGroup section */

/* Begin XCBuildConfiguration section */
		691EBE1E1FC66D95005FDCAF /* Debug */ = {
			isa = XCBuildConfiguration;
			buildSettings = {
				ALWAYS_SEARCH_USER_PATHS = NO;
				CLANG_ANALYZER_NONNULL = YES;
				CLANG_ANALYZER_NUMBER_OBJECT_CONVERSION = YES_AGGRESSIVE;
				CLANG_CXX_LANGUAGE_STANDARD = "gnu++14";
				CLANG_CXX_LIBRARY = "libc++";
				CLANG_ENABLE_MODULES = YES;
				CLANG_ENABLE_OBJC_ARC = YES;
				CLANG_WARN_BLOCK_CAPTURE_AUTORELEASING = YES;
				CLANG_WARN_BOOL_CONVERSION = YES;
				CLANG_WARN_COMMA = YES;
				CLANG_WARN_CONSTANT_CONVERSION = YES;
				CLANG_WARN_DIRECT_OBJC_ISA_USAGE = YES_ERROR;
				CLANG_WARN_DOCUMENTATION_COMMENTS = YES;
				CLANG_WARN_EMPTY_BODY = YES;
				CLANG_WARN_ENUM_CONVERSION = YES;
				CLANG_WARN_INFINITE_RECURSION = YES;
				CLANG_WARN_INT_CONVERSION = YES;
				CLANG_WARN_NON_LITERAL_NULL_CONVERSION = YES;
				CLANG_WARN_OBJC_LITERAL_CONVERSION = YES;
				CLANG_WARN_OBJC_ROOT_CLASS = YES_ERROR;
				CLANG_WARN_RANGE_LOOP_ANALYSIS = YES;
				CLANG_WARN_STRICT_PROTOTYPES = YES;
				CLANG_WARN_SUSPICIOUS_MOVE = YES;
				CLANG_WARN_UNGUARDED_AVAILABILITY = YES_AGGRESSIVE;
				CLANG_WARN_UNREACHABLE_CODE = YES;
				CLANG_WARN__DUPLICATE_METHOD_MATCH = YES;
				CODE_SIGN_IDENTITY = "Mac Developer";
				COPY_PHASE_STRIP = NO;
				CURRENT_PROJECT_VERSION = 1;
				DEBUG_INFORMATION_FORMAT = dwarf;
				ENABLE_STRICT_OBJC_MSGSEND = YES;
				ENABLE_TESTABILITY = YES;
				GCC_C_LANGUAGE_STANDARD = gnu11;
				GCC_DYNAMIC_NO_PIC = NO;
				GCC_NO_COMMON_BLOCKS = YES;
				GCC_OPTIMIZATION_LEVEL = 0;
				GCC_PREPROCESSOR_DEFINITIONS = (
					"DEBUG=1",
					"$(inherited)",
				);
				GCC_WARN_64_TO_32_BIT_CONVERSION = YES;
				GCC_WARN_ABOUT_RETURN_TYPE = YES_ERROR;
				GCC_WARN_UNDECLARED_SELECTOR = YES;
				GCC_WARN_UNINITIALIZED_AUTOS = YES_AGGRESSIVE;
				GCC_WARN_UNUSED_FUNCTION = YES;
				GCC_WARN_UNUSED_VARIABLE = YES;
				MACOSX_DEPLOYMENT_TARGET = 10.13;
				MTL_ENABLE_DEBUG_INFO = YES;
				ONLY_ACTIVE_ARCH = YES;
				SDKROOT = macosx;
				SWIFT_ACTIVE_COMPILATION_CONDITIONS = DEBUG;
				SWIFT_OPTIMIZATION_LEVEL = "-Onone";
				VERSIONING_SYSTEM = "apple-generic";
				VERSION_INFO_PREFIX = "";
			};
			name = Debug;
		};
		691EBE1F1FC66D95005FDCAF /* Release */ = {
			isa = XCBuildConfiguration;
			buildSettings = {
				ALWAYS_SEARCH_USER_PATHS = NO;
				CLANG_ANALYZER_NONNULL = YES;
				CLANG_ANALYZER_NUMBER_OBJECT_CONVERSION = YES_AGGRESSIVE;
				CLANG_CXX_LANGUAGE_STANDARD = "gnu++14";
				CLANG_CXX_LIBRARY = "libc++";
				CLANG_ENABLE_MODULES = YES;
				CLANG_ENABLE_OBJC_ARC = YES;
				CLANG_WARN_BLOCK_CAPTURE_AUTORELEASING = YES;
				CLANG_WARN_BOOL_CONVERSION = YES;
				CLANG_WARN_COMMA = YES;
				CLANG_WARN_CONSTANT_CONVERSION = YES;
				CLANG_WARN_DIRECT_OBJC_ISA_USAGE = YES_ERROR;
				CLANG_WARN_DOCUMENTATION_COMMENTS = YES;
				CLANG_WARN_EMPTY_BODY = YES;
				CLANG_WARN_ENUM_CONVERSION = YES;
				CLANG_WARN_INFINITE_RECURSION = YES;
				CLANG_WARN_INT_CONVERSION = YES;
				CLANG_WARN_NON_LITERAL_NULL_CONVERSION = YES;
				CLANG_WARN_OBJC_LITERAL_CONVERSION = YES;
				CLANG_WARN_OBJC_ROOT_CLASS = YES_ERROR;
				CLANG_WARN_RANGE_LOOP_ANALYSIS = YES;
				CLANG_WARN_STRICT_PROTOTYPES = YES;
				CLANG_WARN_SUSPICIOUS_MOVE = YES;
				CLANG_WARN_UNGUARDED_AVAILABILITY = YES_AGGRESSIVE;
				CLANG_WARN_UNREACHABLE_CODE = YES;
				CLANG_WARN__DUPLICATE_METHOD_MATCH = YES;
				CODE_SIGN_IDENTITY = "Mac Developer";
				COPY_PHASE_STRIP = NO;
				CURRENT_PROJECT_VERSION = 1;
				DEBUG_INFORMATION_FORMAT = "dwarf-with-dsym";
				ENABLE_NS_ASSERTIONS = NO;
				ENABLE_STRICT_OBJC_MSGSEND = YES;
				GCC_C_LANGUAGE_STANDARD = gnu11;
				GCC_NO_COMMON_BLOCKS = YES;
				GCC_WARN_64_TO_32_BIT_CONVERSION = YES;
				GCC_WARN_ABOUT_RETURN_TYPE = YES_ERROR;
				GCC_WARN_UNDECLARED_SELECTOR = YES;
				GCC_WARN_UNINITIALIZED_AUTOS = YES_AGGRESSIVE;
				GCC_WARN_UNUSED_FUNCTION = YES;
				GCC_WARN_UNUSED_VARIABLE = YES;
				MACOSX_DEPLOYMENT_TARGET = 10.13;
				MTL_ENABLE_DEBUG_INFO = NO;
				SDKROOT = macosx;
				SWIFT_OPTIMIZATION_LEVEL = "-Owholemodule";
				VERSIONING_SYSTEM = "apple-generic";
				VERSION_INFO_PREFIX = "";
			};
			name = Release;
		};
		691EBE211FC66D95005FDCAF /* Debug */ = {
			isa = XCBuildConfiguration;
			baseConfigurationReference = 69C7DC4B1FE25D0600FB7FA2 /* mac.xcconfig */;
			buildSettings = {
				APPLICATION_EXTENSION_API_ONLY = YES;
				CLANG_ENABLE_MODULES = YES;
				CODE_SIGN_IDENTITY = "";
				CODE_SIGN_STYLE = Manual;
				COMBINE_HIDPI_IMAGES = YES;
				DEFINES_MODULE = YES;
				DEVELOPMENT_TEAM = "";
				DYLIB_COMPATIBILITY_VERSION = 1;
				DYLIB_CURRENT_VERSION = 1;
				DYLIB_INSTALL_NAME_BASE = "@rpath";
				FRAMEWORK_SEARCH_PATHS = (
					"$(inherited)",
					"$(PROJECT_DIR)/Carthage/Build/Mac",
				);
				FRAMEWORK_VERSION = A;
				INFOPLIST_FILE = XProxy/Info.plist;
				INSTALL_PATH = "$(LOCAL_LIBRARY_DIR)/Frameworks";
				LD_RUNPATH_SEARCH_PATHS = "$(inherited) @executable_path/../Frameworks @loader_path/Frameworks";
				MACOSX_DEPLOYMENT_TARGET = 10.11;
				PRODUCT_BUNDLE_IDENTIFIER = com.yarshure.XProxy;
				PRODUCT_NAME = "$(TARGET_NAME:c99extidentifier)";
				PROVISIONING_PROFILE_SPECIFIER = "";
				SKIP_INSTALL = YES;
				SWIFT_OPTIMIZATION_LEVEL = "-Onone";
				SWIFT_VERSION = 4.0;
			};
			name = Debug;
		};
		691EBE221FC66D95005FDCAF /* Release */ = {
			isa = XCBuildConfiguration;
			baseConfigurationReference = 69C7DC4B1FE25D0600FB7FA2 /* mac.xcconfig */;
			buildSettings = {
				APPLICATION_EXTENSION_API_ONLY = YES;
				CLANG_ENABLE_MODULES = YES;
				CODE_SIGN_IDENTITY = "";
				CODE_SIGN_STYLE = Manual;
				COMBINE_HIDPI_IMAGES = YES;
				DEFINES_MODULE = YES;
				DEVELOPMENT_TEAM = "";
				DYLIB_COMPATIBILITY_VERSION = 1;
				DYLIB_CURRENT_VERSION = 1;
				DYLIB_INSTALL_NAME_BASE = "@rpath";
				FRAMEWORK_SEARCH_PATHS = (
					"$(inherited)",
					"$(PROJECT_DIR)/Carthage/Build/Mac",
				);
				FRAMEWORK_VERSION = A;
				INFOPLIST_FILE = XProxy/Info.plist;
				INSTALL_PATH = "$(LOCAL_LIBRARY_DIR)/Frameworks";
				LD_RUNPATH_SEARCH_PATHS = "$(inherited) @executable_path/../Frameworks @loader_path/Frameworks";
				MACOSX_DEPLOYMENT_TARGET = 10.11;
				PRODUCT_BUNDLE_IDENTIFIER = com.yarshure.XProxy;
				PRODUCT_NAME = "$(TARGET_NAME:c99extidentifier)";
				PROVISIONING_PROFILE_SPECIFIER = "";
				SKIP_INSTALL = YES;
				SWIFT_VERSION = 4.0;
			};
			name = Release;
		};
		693A35EE1FC6C5CC007FDE26 /* Debug */ = {
			isa = XCBuildConfiguration;
			buildSettings = {
				ALWAYS_EMBED_SWIFT_STANDARD_LIBRARIES = YES;
				ASSETCATALOG_COMPILER_APPICON_NAME = AppIcon;
				CODE_SIGN_IDENTITY = "Mac Developer";
				CODE_SIGN_STYLE = Automatic;
				COMBINE_HIDPI_IMAGES = YES;
				DEVELOPMENT_TEAM = 745WQDK4L7;
				FRAMEWORK_SEARCH_PATHS = (
					"$(inherited)",
					"$(PROJECT_DIR)/Carthage/Build/Mac",
				);
				INFOPLIST_FILE = XProxyTest/Info.plist;
				LD_RUNPATH_SEARCH_PATHS = "$(inherited) @executable_path/../Frameworks";
				MACOSX_DEPLOYMENT_TARGET = 10.12;
				PRODUCT_BUNDLE_IDENTIFIER = com.yarshure.XProxyTest;
				PRODUCT_NAME = "$(TARGET_NAME)";
				PROVISIONING_PROFILE_SPECIFIER = "";
				SWIFT_VERSION = 4.0;
			};
			name = Debug;
		};
		693A35EF1FC6C5CC007FDE26 /* Release */ = {
			isa = XCBuildConfiguration;
			buildSettings = {
				ALWAYS_EMBED_SWIFT_STANDARD_LIBRARIES = YES;
				ASSETCATALOG_COMPILER_APPICON_NAME = AppIcon;
				CODE_SIGN_IDENTITY = "Mac Developer";
				CODE_SIGN_STYLE = Automatic;
				COMBINE_HIDPI_IMAGES = YES;
				DEVELOPMENT_TEAM = 745WQDK4L7;
				FRAMEWORK_SEARCH_PATHS = (
					"$(inherited)",
					"$(PROJECT_DIR)/Carthage/Build/Mac",
				);
				INFOPLIST_FILE = XProxyTest/Info.plist;
				LD_RUNPATH_SEARCH_PATHS = "$(inherited) @executable_path/../Frameworks";
				MACOSX_DEPLOYMENT_TARGET = 10.12;
				PRODUCT_BUNDLE_IDENTIFIER = com.yarshure.XProxyTest;
				PRODUCT_NAME = "$(TARGET_NAME)";
				PROVISIONING_PROFILE_SPECIFIER = "";
				SWIFT_VERSION = 4.0;
			};
			name = Release;
		};
		69593FE61FFBA06900CB8ADF /* Debug */ = {
			isa = XCBuildConfiguration;
			baseConfigurationReference = 69593FE91FFBA5AA00CB8ADF /* iostest.xcconfig */;
			buildSettings = {
				ALWAYS_EMBED_SWIFT_STANDARD_LIBRARIES = YES;
				ASSETCATALOG_COMPILER_APPICON_NAME = AppIcon;
				CODE_SIGN_ENTITLEMENTS = iOSTest/iOSTest.entitlements;
				CODE_SIGN_IDENTITY = "iPhone Developer";
				CODE_SIGN_STYLE = Automatic;
				DEVELOPMENT_TEAM = 745WQDK4L7;
				INFOPLIST_FILE = iOSTest/Info.plist;
				IPHONEOS_DEPLOYMENT_TARGET = 10.0;
				LD_RUNPATH_SEARCH_PATHS = "$(inherited) @executable_path/Frameworks";
				PRODUCT_BUNDLE_IDENTIFIER = com.yarshure.iOSTest;
				PRODUCT_NAME = "$(TARGET_NAME)";
				SDKROOT = iphoneos;
				SWIFT_VERSION = 4.0;
				TARGETED_DEVICE_FAMILY = "1,2";
			};
			name = Debug;
		};
		69593FE71FFBA06900CB8ADF /* Release */ = {
			isa = XCBuildConfiguration;
			buildSettings = {
				ALWAYS_EMBED_SWIFT_STANDARD_LIBRARIES = YES;
				ASSETCATALOG_COMPILER_APPICON_NAME = AppIcon;
				CODE_SIGN_ENTITLEMENTS = iOSTest/iOSTest.entitlements;
				CODE_SIGN_IDENTITY = "iPhone Developer";
				CODE_SIGN_STYLE = Automatic;
				DEVELOPMENT_TEAM = 745WQDK4L7;
				INFOPLIST_FILE = iOSTest/Info.plist;
				IPHONEOS_DEPLOYMENT_TARGET = 10.0;
				LD_RUNPATH_SEARCH_PATHS = "$(inherited) @executable_path/Frameworks";
				PRODUCT_BUNDLE_IDENTIFIER = com.yarshure.iOSTest;
				PRODUCT_NAME = "$(TARGET_NAME)";
				SDKROOT = iphoneos;
				SWIFT_VERSION = 4.0;
				TARGETED_DEVICE_FAMILY = "1,2";
				VALIDATE_PRODUCT = YES;
			};
			name = Release;
		};
		69C7DC491FE25CD400FB7FA2 /* Debug */ = {
			isa = XCBuildConfiguration;
			baseConfigurationReference = 69C7DC4C1FE25D6500FB7FA2 /* iOS.xcconfig */;
			buildSettings = {
				APPLICATION_EXTENSION_API_ONLY = YES;
				CODE_SIGN_IDENTITY = "iPhone Developer";
				CODE_SIGN_STYLE = Manual;
				DEFINES_MODULE = YES;
				DEVELOPMENT_TEAM = 745WQDK4L7;
				DYLIB_COMPATIBILITY_VERSION = 1;
				DYLIB_CURRENT_VERSION = 1;
				DYLIB_INSTALL_NAME_BASE = "@rpath";
				INFOPLIST_FILE = XProxyiOS/Info.plist;
				INSTALL_PATH = "$(LOCAL_LIBRARY_DIR)/Frameworks";
				IPHONEOS_DEPLOYMENT_TARGET = 9.0;
				LD_RUNPATH_SEARCH_PATHS = "$(inherited) @executable_path/Frameworks @loader_path/Frameworks";
				PRODUCT_BUNDLE_IDENTIFIER = com.yarshure.XProxy;
				PRODUCT_MODULE_NAME = XProxy;
				PRODUCT_NAME = XProxy;
				PROVISIONING_PROFILE_SPECIFIER = "";
				SDKROOT = iphoneos;
				SKIP_INSTALL = YES;
				SWIFT_VERSION = 4.0;
				TARGETED_DEVICE_FAMILY = "1,2";
			};
			name = Debug;
		};
		69C7DC4A1FE25CD400FB7FA2 /* Release */ = {
			isa = XCBuildConfiguration;
			baseConfigurationReference = 69C7DC4C1FE25D6500FB7FA2 /* iOS.xcconfig */;
			buildSettings = {
				APPLICATION_EXTENSION_API_ONLY = YES;
				CODE_SIGN_IDENTITY = "iPhone Developer";
				CODE_SIGN_STYLE = Manual;
				DEFINES_MODULE = YES;
				DEVELOPMENT_TEAM = 745WQDK4L7;
				DYLIB_COMPATIBILITY_VERSION = 1;
				DYLIB_CURRENT_VERSION = 1;
				DYLIB_INSTALL_NAME_BASE = "@rpath";
				INFOPLIST_FILE = XProxyiOS/Info.plist;
				INSTALL_PATH = "$(LOCAL_LIBRARY_DIR)/Frameworks";
				IPHONEOS_DEPLOYMENT_TARGET = 9.0;
				LD_RUNPATH_SEARCH_PATHS = "$(inherited) @executable_path/Frameworks @loader_path/Frameworks";
				PRODUCT_BUNDLE_IDENTIFIER = com.yarshure.XProxy;
				PRODUCT_MODULE_NAME = XProxy;
				PRODUCT_NAME = XProxy;
				PROVISIONING_PROFILE_SPECIFIER = "";
				SDKROOT = iphoneos;
				SKIP_INSTALL = YES;
				SWIFT_VERSION = 4.0;
				TARGETED_DEVICE_FAMILY = "1,2";
				VALIDATE_PRODUCT = YES;
			};
			name = Release;
		};
/* End XCBuildConfiguration section */

/* Begin XCConfigurationList section */
		691EBE121FC66D95005FDCAF /* Build configuration list for PBXProject "XProxy" */ = {
			isa = XCConfigurationList;
			buildConfigurations = (
				691EBE1E1FC66D95005FDCAF /* Debug */,
				691EBE1F1FC66D95005FDCAF /* Release */,
			);
			defaultConfigurationIsVisible = 0;
			defaultConfigurationName = Release;
		};
		691EBE201FC66D95005FDCAF /* Build configuration list for PBXNativeTarget "XProxy" */ = {
			isa = XCConfigurationList;
			buildConfigurations = (
				691EBE211FC66D95005FDCAF /* Debug */,
				691EBE221FC66D95005FDCAF /* Release */,
			);
			defaultConfigurationIsVisible = 0;
			defaultConfigurationName = Release;
		};
		693A35ED1FC6C5CC007FDE26 /* Build configuration list for PBXNativeTarget "XProxyTest" */ = {
			isa = XCConfigurationList;
			buildConfigurations = (
				693A35EE1FC6C5CC007FDE26 /* Debug */,
				693A35EF1FC6C5CC007FDE26 /* Release */,
			);
			defaultConfigurationIsVisible = 0;
			defaultConfigurationName = Release;
		};
		69593FE81FFBA06900CB8ADF /* Build configuration list for PBXNativeTarget "iOSTest" */ = {
			isa = XCConfigurationList;
			buildConfigurations = (
				69593FE61FFBA06900CB8ADF /* Debug */,
				69593FE71FFBA06900CB8ADF /* Release */,
			);
			defaultConfigurationIsVisible = 0;
			defaultConfigurationName = Release;
		};
		69C7DC481FE25CD400FB7FA2 /* Build configuration list for PBXNativeTarget "XProxyiOS" */ = {
			isa = XCConfigurationList;
			buildConfigurations = (
				69C7DC491FE25CD400FB7FA2 /* Debug */,
				69C7DC4A1FE25CD400FB7FA2 /* Release */,
			);
			defaultConfigurationIsVisible = 0;
			defaultConfigurationName = Release;
		};
/* End XCConfigurationList section */
	};
	rootObject = 691EBE0F1FC66D95005FDCAF /* Project object */;
}
